// !$*UTF8*$!
{
	archiveVersion = 1;
	classes = {
	};
	objectVersion = 60;
	objects = {

/* Begin PBXBuildFile section */
		516711312B28675A00170B6E /* Onboarding.storyboard in Resources */ = {isa = PBXBuildFile; fileRef = 516711302B28675A00170B6E /* Onboarding.storyboard */; };
		516711382B2867BD00170B6E /* OnboardingVC.swift in Sources */ = {isa = PBXBuildFile; fileRef = 516711372B2867BD00170B6E /* OnboardingVC.swift */; };
		84BB96F32B2864EB00519C35 /* AppDelegate.swift in Sources */ = {isa = PBXBuildFile; fileRef = 84BB96F22B2864EB00519C35 /* AppDelegate.swift */; };
		84BB96FC2B2864ED00519C35 /* Assets.xcassets in Resources */ = {isa = PBXBuildFile; fileRef = 84BB96FB2B2864ED00519C35 /* Assets.xcassets */; };
		84BB96FF2B2864ED00519C35 /* LaunchScreen.storyboard in Resources */ = {isa = PBXBuildFile; fileRef = 84BB96FD2B2864ED00519C35 /* LaunchScreen.storyboard */; };
		84BB970A2B2864ED00519C35 /* DemoEasyChatKitTests.swift in Sources */ = {isa = PBXBuildFile; fileRef = 84BB97092B2864ED00519C35 /* DemoEasyChatKitTests.swift */; };
		84BB97142B2864ED00519C35 /* DemoEasyChatKitUITests.swift in Sources */ = {isa = PBXBuildFile; fileRef = 84BB97132B2864ED00519C35 /* DemoEasyChatKitUITests.swift */; };
		84BB97162B2864ED00519C35 /* DemoEasyChatKitUITestsLaunchTests.swift in Sources */ = {isa = PBXBuildFile; fileRef = 84BB97152B2864ED00519C35 /* DemoEasyChatKitUITestsLaunchTests.swift */; };
		84BB97242B28656100519C35 /* EsayChatKit in Frameworks */ = {isa = PBXBuildFile; productRef = 84BB97232B28656100519C35 /* EsayChatKit */; };
/* End PBXBuildFile section */

/* Begin PBXContainerItemProxy section */
		84BB97062B2864ED00519C35 /* PBXContainerItemProxy */ = {
			isa = PBXContainerItemProxy;
			containerPortal = 84BB96E72B2864EB00519C35 /* Project object */;
			proxyType = 1;
			remoteGlobalIDString = 84BB96EE2B2864EB00519C35;
			remoteInfo = DemoEasyChatKit;
		};
		84BB97102B2864ED00519C35 /* PBXContainerItemProxy */ = {
			isa = PBXContainerItemProxy;
			containerPortal = 84BB96E72B2864EB00519C35 /* Project object */;
			proxyType = 1;
			remoteGlobalIDString = 84BB96EE2B2864EB00519C35;
			remoteInfo = DemoEasyChatKit;
		};
/* End PBXContainerItemProxy section */

/* Begin PBXFileReference section */
		516711302B28675A00170B6E /* Onboarding.storyboard */ = {isa = PBXFileReference; lastKnownFileType = file.storyboard; path = Onboarding.storyboard; sourceTree = "<group>"; };
		516711372B2867BD00170B6E /* OnboardingVC.swift */ = {isa = PBXFileReference; lastKnownFileType = sourcecode.swift; path = OnboardingVC.swift; sourceTree = "<group>"; };
		84BB96EF2B2864EB00519C35 /* DemoEasyChatKit.app */ = {isa = PBXFileReference; explicitFileType = wrapper.application; includeInIndex = 0; path = DemoEasyChatKit.app; sourceTree = BUILT_PRODUCTS_DIR; };
		84BB96F22B2864EB00519C35 /* AppDelegate.swift */ = {isa = PBXFileReference; lastKnownFileType = sourcecode.swift; path = AppDelegate.swift; sourceTree = "<group>"; };
		84BB96FB2B2864ED00519C35 /* Assets.xcassets */ = {isa = PBXFileReference; lastKnownFileType = folder.assetcatalog; path = Assets.xcassets; sourceTree = "<group>"; };
		84BB96FE2B2864ED00519C35 /* Base */ = {isa = PBXFileReference; lastKnownFileType = file.storyboard; name = Base; path = Base.lproj/LaunchScreen.storyboard; sourceTree = "<group>"; };
		84BB97002B2864ED00519C35 /* Info.plist */ = {isa = PBXFileReference; lastKnownFileType = text.plist.xml; path = Info.plist; sourceTree = "<group>"; };
		84BB97052B2864ED00519C35 /* DemoEasyChatKitTests.xctest */ = {isa = PBXFileReference; explicitFileType = wrapper.cfbundle; includeInIndex = 0; path = DemoEasyChatKitTests.xctest; sourceTree = BUILT_PRODUCTS_DIR; };
		84BB97092B2864ED00519C35 /* DemoEasyChatKitTests.swift */ = {isa = PBXFileReference; lastKnownFileType = sourcecode.swift; path = DemoEasyChatKitTests.swift; sourceTree = "<group>"; };
		84BB970F2B2864ED00519C35 /* DemoEasyChatKitUITests.xctest */ = {isa = PBXFileReference; explicitFileType = wrapper.cfbundle; includeInIndex = 0; path = DemoEasyChatKitUITests.xctest; sourceTree = BUILT_PRODUCTS_DIR; };
		84BB97132B2864ED00519C35 /* DemoEasyChatKitUITests.swift */ = {isa = PBXFileReference; lastKnownFileType = sourcecode.swift; path = DemoEasyChatKitUITests.swift; sourceTree = "<group>"; };
		84BB97152B2864ED00519C35 /* DemoEasyChatKitUITestsLaunchTests.swift */ = {isa = PBXFileReference; lastKnownFileType = sourcecode.swift; path = DemoEasyChatKitUITestsLaunchTests.swift; sourceTree = "<group>"; };
/* End PBXFileReference section */

/* Begin PBXFrameworksBuildPhase section */
		84BB96EC2B2864EB00519C35 /* Frameworks */ = {
			isa = PBXFrameworksBuildPhase;
			buildActionMask = 2147483647;
			files = (
				84BB97242B28656100519C35 /* EsayChatKit in Frameworks */,
			);
			runOnlyForDeploymentPostprocessing = 0;
		};
		84BB97022B2864ED00519C35 /* Frameworks */ = {
			isa = PBXFrameworksBuildPhase;
			buildActionMask = 2147483647;
			files = (
			);
			runOnlyForDeploymentPostprocessing = 0;
		};
		84BB970C2B2864ED00519C35 /* Frameworks */ = {
			isa = PBXFrameworksBuildPhase;
			buildActionMask = 2147483647;
			files = (
			);
			runOnlyForDeploymentPostprocessing = 0;
		};
/* End PBXFrameworksBuildPhase section */

/* Begin PBXGroup section */
		5167112F2B28674900170B6E /* Storyboard */ = {
			isa = PBXGroup;
			children = (
				516711302B28675A00170B6E /* Onboarding.storyboard */,
			);
			path = Storyboard;
			sourceTree = "<group>";
		};
		516711322B28676300170B6E /* Chatkit */ = {
			isa = PBXGroup;
			children = (
				516711352B28678A00170B6E /* ViewModel */,
				516711342B28678100170B6E /* View */,
				516711332B28677600170B6E /* Model */,
			);
			path = Chatkit;
			sourceTree = "<group>";
		};
		516711332B28677600170B6E /* Model */ = {
			isa = PBXGroup;
			children = (
			);
			path = Model;
			sourceTree = "<group>";
		};
		516711342B28678100170B6E /* View */ = {
			isa = PBXGroup;
			children = (
				5167112F2B28674900170B6E /* Storyboard */,
				516711372B2867BD00170B6E /* OnboardingVC.swift */,
			);
			path = View;
			sourceTree = "<group>";
		};
		516711352B28678A00170B6E /* ViewModel */ = {
			isa = PBXGroup;
			children = (
			);
			path = ViewModel;
			sourceTree = "<group>";
		};
		516711392B28681F00170B6E /* App */ = {
			isa = PBXGroup;
			children = (
				84BB96F22B2864EB00519C35 /* AppDelegate.swift */,
			);
			path = App;
			sourceTree = "<group>";
		};
		84BB96E62B2864EB00519C35 = {
			isa = PBXGroup;
			children = (
				84BB96F12B2864EB00519C35 /* DemoEasyChatKit */,
				84BB97082B2864ED00519C35 /* DemoEasyChatKitTests */,
				84BB97122B2864ED00519C35 /* DemoEasyChatKitUITests */,
				84BB96F02B2864EB00519C35 /* Products */,
			);
			sourceTree = "<group>";
		};
		84BB96F02B2864EB00519C35 /* Products */ = {
			isa = PBXGroup;
			children = (
				84BB96EF2B2864EB00519C35 /* DemoEasyChatKit.app */,
				84BB97052B2864ED00519C35 /* DemoEasyChatKitTests.xctest */,
				84BB970F2B2864ED00519C35 /* DemoEasyChatKitUITests.xctest */,
			);
			name = Products;
			sourceTree = "<group>";
		};
		84BB96F12B2864EB00519C35 /* DemoEasyChatKit */ = {
			isa = PBXGroup;
			children = (
				516711392B28681F00170B6E /* App */,
				516711322B28676300170B6E /* Chatkit */,
				84BB96FB2B2864ED00519C35 /* Assets.xcassets */,
				84BB96FD2B2864ED00519C35 /* LaunchScreen.storyboard */,
				84BB97002B2864ED00519C35 /* Info.plist */,
			);
			path = DemoEasyChatKit;
			sourceTree = "<group>";
		};
		84BB97082B2864ED00519C35 /* DemoEasyChatKitTests */ = {
			isa = PBXGroup;
			children = (
				84BB97092B2864ED00519C35 /* DemoEasyChatKitTests.swift */,
			);
			path = DemoEasyChatKitTests;
			sourceTree = "<group>";
		};
		84BB97122B2864ED00519C35 /* DemoEasyChatKitUITests */ = {
			isa = PBXGroup;
			children = (
				84BB97132B2864ED00519C35 /* DemoEasyChatKitUITests.swift */,
				84BB97152B2864ED00519C35 /* DemoEasyChatKitUITestsLaunchTests.swift */,
			);
			path = DemoEasyChatKitUITests;
			sourceTree = "<group>";
		};
/* End PBXGroup section */

/* Begin PBXNativeTarget section */
		84BB96EE2B2864EB00519C35 /* DemoEasyChatKit */ = {
			isa = PBXNativeTarget;
			buildConfigurationList = 84BB97192B2864ED00519C35 /* Build configuration list for PBXNativeTarget "DemoEasyChatKit" */;
			buildPhases = (
				84BB96EB2B2864EB00519C35 /* Sources */,
				84BB96EC2B2864EB00519C35 /* Frameworks */,
				84BB96ED2B2864EB00519C35 /* Resources */,
			);
			buildRules = (
			);
			dependencies = (
			);
			name = DemoEasyChatKit;
			packageProductDependencies = (
				84BB97232B28656100519C35 /* EsayChatKit */,
			);
			productName = DemoEasyChatKit;
			productReference = 84BB96EF2B2864EB00519C35 /* DemoEasyChatKit.app */;
			productType = "com.apple.product-type.application";
		};
		84BB97042B2864ED00519C35 /* DemoEasyChatKitTests */ = {
			isa = PBXNativeTarget;
			buildConfigurationList = 84BB971C2B2864ED00519C35 /* Build configuration list for PBXNativeTarget "DemoEasyChatKitTests" */;
			buildPhases = (
				84BB97012B2864ED00519C35 /* Sources */,
				84BB97022B2864ED00519C35 /* Frameworks */,
				84BB97032B2864ED00519C35 /* Resources */,
			);
			buildRules = (
			);
			dependencies = (
				84BB97072B2864ED00519C35 /* PBXTargetDependency */,
			);
			name = DemoEasyChatKitTests;
			productName = DemoEasyChatKitTests;
			productReference = 84BB97052B2864ED00519C35 /* DemoEasyChatKitTests.xctest */;
			productType = "com.apple.product-type.bundle.unit-test";
		};
		84BB970E2B2864ED00519C35 /* DemoEasyChatKitUITests */ = {
			isa = PBXNativeTarget;
			buildConfigurationList = 84BB971F2B2864ED00519C35 /* Build configuration list for PBXNativeTarget "DemoEasyChatKitUITests" */;
			buildPhases = (
				84BB970B2B2864ED00519C35 /* Sources */,
				84BB970C2B2864ED00519C35 /* Frameworks */,
				84BB970D2B2864ED00519C35 /* Resources */,
			);
			buildRules = (
			);
			dependencies = (
				84BB97112B2864ED00519C35 /* PBXTargetDependency */,
			);
			name = DemoEasyChatKitUITests;
			productName = DemoEasyChatKitUITests;
			productReference = 84BB970F2B2864ED00519C35 /* DemoEasyChatKitUITests.xctest */;
			productType = "com.apple.product-type.bundle.ui-testing";
		};
/* End PBXNativeTarget section */

/* Begin PBXProject section */
		84BB96E72B2864EB00519C35 /* Project object */ = {
			isa = PBXProject;
			attributes = {
				BuildIndependentTargetsInParallel = 1;
				LastSwiftUpdateCheck = 1500;
				LastUpgradeCheck = 1500;
				TargetAttributes = {
					84BB96EE2B2864EB00519C35 = {
						CreatedOnToolsVersion = 15.0.1;
					};
					84BB97042B2864ED00519C35 = {
						CreatedOnToolsVersion = 15.0.1;
						TestTargetID = 84BB96EE2B2864EB00519C35;
					};
					84BB970E2B2864ED00519C35 = {
						CreatedOnToolsVersion = 15.0.1;
						TestTargetID = 84BB96EE2B2864EB00519C35;
					};
				};
			};
			buildConfigurationList = 84BB96EA2B2864EB00519C35 /* Build configuration list for PBXProject "DemoEasyChatKit" */;
			compatibilityVersion = "Xcode 14.0";
			developmentRegion = en;
			hasScannedForEncodings = 0;
			knownRegions = (
				en,
				Base,
			);
			mainGroup = 84BB96E62B2864EB00519C35;
			packageReferences = (
				84BB97222B28656100519C35 /* XCLocalSwiftPackageReference "../EsayChatKit" */,
			);
			productRefGroup = 84BB96F02B2864EB00519C35 /* Products */;
			projectDirPath = "";
			projectRoot = "";
			targets = (
				84BB96EE2B2864EB00519C35 /* DemoEasyChatKit */,
				84BB97042B2864ED00519C35 /* DemoEasyChatKitTests */,
				84BB970E2B2864ED00519C35 /* DemoEasyChatKitUITests */,
			);
		};
/* End PBXProject section */

/* Begin PBXResourcesBuildPhase section */
		84BB96ED2B2864EB00519C35 /* Resources */ = {
			isa = PBXResourcesBuildPhase;
			buildActionMask = 2147483647;
			files = (
				516711312B28675A00170B6E /* Onboarding.storyboard in Resources */,
				84BB96FF2B2864ED00519C35 /* LaunchScreen.storyboard in Resources */,
				84BB96FC2B2864ED00519C35 /* Assets.xcassets in Resources */,
			);
			runOnlyForDeploymentPostprocessing = 0;
		};
		84BB97032B2864ED00519C35 /* Resources */ = {
			isa = PBXResourcesBuildPhase;
			buildActionMask = 2147483647;
			files = (
			);
			runOnlyForDeploymentPostprocessing = 0;
		};
		84BB970D2B2864ED00519C35 /* Resources */ = {
			isa = PBXResourcesBuildPhase;
			buildActionMask = 2147483647;
			files = (
			);
			runOnlyForDeploymentPostprocessing = 0;
		};
/* End PBXResourcesBuildPhase section */

/* Begin PBXSourcesBuildPhase section */
		84BB96EB2B2864EB00519C35 /* Sources */ = {
			isa = PBXSourcesBuildPhase;
			buildActionMask = 2147483647;
			files = (
				84BB96F32B2864EB00519C35 /* AppDelegate.swift in Sources */,
				516711382B2867BD00170B6E /* OnboardingVC.swift in Sources */,
			);
			runOnlyForDeploymentPostprocessing = 0;
		};
		84BB97012B2864ED00519C35 /* Sources */ = {
			isa = PBXSourcesBuildPhase;
			buildActionMask = 2147483647;
			files = (
				84BB970A2B2864ED00519C35 /* DemoEasyChatKitTests.swift in Sources */,
			);
			runOnlyForDeploymentPostprocessing = 0;
		};
		84BB970B2B2864ED00519C35 /* Sources */ = {
			isa = PBXSourcesBuildPhase;
			buildActionMask = 2147483647;
			files = (
				84BB97162B2864ED00519C35 /* DemoEasyChatKitUITestsLaunchTests.swift in Sources */,
				84BB97142B2864ED00519C35 /* DemoEasyChatKitUITests.swift in Sources */,
			);
			runOnlyForDeploymentPostprocessing = 0;
		};
/* End PBXSourcesBuildPhase section */

/* Begin PBXTargetDependency section */
		84BB97072B2864ED00519C35 /* PBXTargetDependency */ = {
			isa = PBXTargetDependency;
			target = 84BB96EE2B2864EB00519C35 /* DemoEasyChatKit */;
			targetProxy = 84BB97062B2864ED00519C35 /* PBXContainerItemProxy */;
		};
		84BB97112B2864ED00519C35 /* PBXTargetDependency */ = {
			isa = PBXTargetDependency;
			target = 84BB96EE2B2864EB00519C35 /* DemoEasyChatKit */;
			targetProxy = 84BB97102B2864ED00519C35 /* PBXContainerItemProxy */;
		};
/* End PBXTargetDependency section */

/* Begin PBXVariantGroup section */
		84BB96FD2B2864ED00519C35 /* LaunchScreen.storyboard */ = {
			isa = PBXVariantGroup;
			children = (
				84BB96FE2B2864ED00519C35 /* Base */,
			);
			name = LaunchScreen.storyboard;
			sourceTree = "<group>";
		};
/* End PBXVariantGroup section */

/* Begin XCBuildConfiguration section */
		84BB97172B2864ED00519C35 /* Debug */ = {
			isa = XCBuildConfiguration;
			buildSettings = {
				ALWAYS_SEARCH_USER_PATHS = NO;
				ASSETCATALOG_COMPILER_GENERATE_SWIFT_ASSET_SYMBOL_EXTENSIONS = YES;
				CLANG_ANALYZER_NONNULL = YES;
				CLANG_ANALYZER_NUMBER_OBJECT_CONVERSION = YES_AGGRESSIVE;
				CLANG_CXX_LANGUAGE_STANDARD = "gnu++20";
				CLANG_ENABLE_MODULES = YES;
				CLANG_ENABLE_OBJC_ARC = YES;
				CLANG_ENABLE_OBJC_WEAK = YES;
				CLANG_WARN_BLOCK_CAPTURE_AUTORELEASING = YES;
				CLANG_WARN_BOOL_CONVERSION = YES;
				CLANG_WARN_COMMA = YES;
				CLANG_WARN_CONSTANT_CONVERSION = YES;
				CLANG_WARN_DEPRECATED_OBJC_IMPLEMENTATIONS = YES;
				CLANG_WARN_DIRECT_OBJC_ISA_USAGE = YES_ERROR;
				CLANG_WARN_DOCUMENTATION_COMMENTS = YES;
				CLANG_WARN_EMPTY_BODY = YES;
				CLANG_WARN_ENUM_CONVERSION = YES;
				CLANG_WARN_INFINITE_RECURSION = YES;
				CLANG_WARN_INT_CONVERSION = YES;
				CLANG_WARN_NON_LITERAL_NULL_CONVERSION = YES;
				CLANG_WARN_OBJC_IMPLICIT_RETAIN_SELF = YES;
				CLANG_WARN_OBJC_LITERAL_CONVERSION = YES;
				CLANG_WARN_OBJC_ROOT_CLASS = YES_ERROR;
				CLANG_WARN_QUOTED_INCLUDE_IN_FRAMEWORK_HEADER = YES;
				CLANG_WARN_RANGE_LOOP_ANALYSIS = YES;
				CLANG_WARN_STRICT_PROTOTYPES = YES;
				CLANG_WARN_SUSPICIOUS_MOVE = YES;
				CLANG_WARN_UNGUARDED_AVAILABILITY = YES_AGGRESSIVE;
				CLANG_WARN_UNREACHABLE_CODE = YES;
				CLANG_WARN__DUPLICATE_METHOD_MATCH = YES;
				COPY_PHASE_STRIP = NO;
				DEBUG_INFORMATION_FORMAT = dwarf;
				ENABLE_STRICT_OBJC_MSGSEND = YES;
				ENABLE_TESTABILITY = YES;
				ENABLE_USER_SCRIPT_SANDBOXING = YES;
				GCC_C_LANGUAGE_STANDARD = gnu17;
				GCC_DYNAMIC_NO_PIC = NO;
				GCC_NO_COMMON_BLOCKS = YES;
				GCC_OPTIMIZATION_LEVEL = 0;
				GCC_PREPROCESSOR_DEFINITIONS = (
					"DEBUG=1",
					"$(inherited)",
				);
				GCC_WARN_64_TO_32_BIT_CONVERSION = YES;
				GCC_WARN_ABOUT_RETURN_TYPE = YES_ERROR;
				GCC_WARN_UNDECLARED_SELECTOR = YES;
				GCC_WARN_UNINITIALIZED_AUTOS = YES_AGGRESSIVE;
				GCC_WARN_UNUSED_FUNCTION = YES;
				GCC_WARN_UNUSED_VARIABLE = YES;
				IPHONEOS_DEPLOYMENT_TARGET = 13.0;
				LOCALIZATION_PREFERS_STRING_CATALOGS = YES;
				MTL_ENABLE_DEBUG_INFO = INCLUDE_SOURCE;
				MTL_FAST_MATH = YES;
				ONLY_ACTIVE_ARCH = YES;
				SDKROOT = iphoneos;
				SWIFT_ACTIVE_COMPILATION_CONDITIONS = "DEBUG $(inherited)";
				SWIFT_OPTIMIZATION_LEVEL = "-Onone";
			};
			name = Debug;
		};
		84BB97182B2864ED00519C35 /* Release */ = {
			isa = XCBuildConfiguration;
			buildSettings = {
				ALWAYS_SEARCH_USER_PATHS = NO;
				ASSETCATALOG_COMPILER_GENERATE_SWIFT_ASSET_SYMBOL_EXTENSIONS = YES;
				CLANG_ANALYZER_NONNULL = YES;
				CLANG_ANALYZER_NUMBER_OBJECT_CONVERSION = YES_AGGRESSIVE;
				CLANG_CXX_LANGUAGE_STANDARD = "gnu++20";
				CLANG_ENABLE_MODULES = YES;
				CLANG_ENABLE_OBJC_ARC = YES;
				CLANG_ENABLE_OBJC_WEAK = YES;
				CLANG_WARN_BLOCK_CAPTURE_AUTORELEASING = YES;
				CLANG_WARN_BOOL_CONVERSION = YES;
				CLANG_WARN_COMMA = YES;
				CLANG_WARN_CONSTANT_CONVERSION = YES;
				CLANG_WARN_DEPRECATED_OBJC_IMPLEMENTATIONS = YES;
				CLANG_WARN_DIRECT_OBJC_ISA_USAGE = YES_ERROR;
				CLANG_WARN_DOCUMENTATION_COMMENTS = YES;
				CLANG_WARN_EMPTY_BODY = YES;
				CLANG_WARN_ENUM_CONVERSION = YES;
				CLANG_WARN_INFINITE_RECURSION = YES;
				CLANG_WARN_INT_CONVERSION = YES;
				CLANG_WARN_NON_LITERAL_NULL_CONVERSION = YES;
				CLANG_WARN_OBJC_IMPLICIT_RETAIN_SELF = YES;
				CLANG_WARN_OBJC_LITERAL_CONVERSION = YES;
				CLANG_WARN_OBJC_ROOT_CLASS = YES_ERROR;
				CLANG_WARN_QUOTED_INCLUDE_IN_FRAMEWORK_HEADER = YES;
				CLANG_WARN_RANGE_LOOP_ANALYSIS = YES;
				CLANG_WARN_STRICT_PROTOTYPES = YES;
				CLANG_WARN_SUSPICIOUS_MOVE = YES;
				CLANG_WARN_UNGUARDED_AVAILABILITY = YES_AGGRESSIVE;
				CLANG_WARN_UNREACHABLE_CODE = YES;
				CLANG_WARN__DUPLICATE_METHOD_MATCH = YES;
				COPY_PHASE_STRIP = NO;
				DEBUG_INFORMATION_FORMAT = "dwarf-with-dsym";
				ENABLE_NS_ASSERTIONS = NO;
				ENABLE_STRICT_OBJC_MSGSEND = YES;
				ENABLE_USER_SCRIPT_SANDBOXING = YES;
				GCC_C_LANGUAGE_STANDARD = gnu17;
				GCC_NO_COMMON_BLOCKS = YES;
				GCC_WARN_64_TO_32_BIT_CONVERSION = YES;
				GCC_WARN_ABOUT_RETURN_TYPE = YES_ERROR;
				GCC_WARN_UNDECLARED_SELECTOR = YES;
				GCC_WARN_UNINITIALIZED_AUTOS = YES_AGGRESSIVE;
				GCC_WARN_UNUSED_FUNCTION = YES;
				GCC_WARN_UNUSED_VARIABLE = YES;
				IPHONEOS_DEPLOYMENT_TARGET = 13.0;
				LOCALIZATION_PREFERS_STRING_CATALOGS = YES;
				MTL_ENABLE_DEBUG_INFO = NO;
				MTL_FAST_MATH = YES;
				SDKROOT = iphoneos;
				SWIFT_COMPILATION_MODE = wholemodule;
				VALIDATE_PRODUCT = YES;
			};
			name = Release;
		};
		84BB971A2B2864ED00519C35 /* Debug */ = {
			isa = XCBuildConfiguration;
			buildSettings = {
				ASSETCATALOG_COMPILER_APPICON_NAME = AppIcon;
				ASSETCATALOG_COMPILER_GLOBAL_ACCENT_COLOR_NAME = AccentColor;
				CODE_SIGN_STYLE = Automatic;
				CURRENT_PROJECT_VERSION = 1;
				GENERATE_INFOPLIST_FILE = YES;
				INFOPLIST_FILE = DemoEasyChatKit/Info.plist;
				INFOPLIST_KEY_UIApplicationSupportsIndirectInputEvents = YES;
				INFOPLIST_KEY_UILaunchStoryboardName = LaunchScreen;
				INFOPLIST_KEY_UIMainStoryboardFile = Onboarding;
				INFOPLIST_KEY_UISupportedInterfaceOrientations = UIInterfaceOrientationPortrait;
				IPHONEOS_DEPLOYMENT_TARGET = 13.0;
				LD_RUNPATH_SEARCH_PATHS = (
					"$(inherited)",
					"@executable_path/Frameworks",
				);
				MARKETING_VERSION = 1.0;
				PRODUCT_BUNDLE_IDENTIFIER = com.EasyChatKit.DemoEasyChatKit;
				PRODUCT_NAME = "$(TARGET_NAME)";
				SWIFT_EMIT_LOC_STRINGS = YES;
				SWIFT_VERSION = 5.0;
				TARGETED_DEVICE_FAMILY = "1,2";
			};
			name = Debug;
		};
		84BB971B2B2864ED00519C35 /* Release */ = {
			isa = XCBuildConfiguration;
			buildSettings = {
				ASSETCATALOG_COMPILER_APPICON_NAME = AppIcon;
				ASSETCATALOG_COMPILER_GLOBAL_ACCENT_COLOR_NAME = AccentColor;
				CODE_SIGN_STYLE = Automatic;
				CURRENT_PROJECT_VERSION = 1;
				GENERATE_INFOPLIST_FILE = YES;
				INFOPLIST_FILE = DemoEasyChatKit/Info.plist;
				INFOPLIST_KEY_UIApplicationSupportsIndirectInputEvents = YES;
				INFOPLIST_KEY_UILaunchStoryboardName = LaunchScreen;
				INFOPLIST_KEY_UIMainStoryboardFile = Onboarding;
				INFOPLIST_KEY_UISupportedInterfaceOrientations = UIInterfaceOrientationPortrait;
				IPHONEOS_DEPLOYMENT_TARGET = 13.0;
				LD_RUNPATH_SEARCH_PATHS = (
					"$(inherited)",
					"@executable_path/Frameworks",
				);
				MARKETING_VERSION = 1.0;
				PRODUCT_BUNDLE_IDENTIFIER = com.EasyChatKit.DemoEasyChatKit;
				PRODUCT_NAME = "$(TARGET_NAME)";
				SWIFT_EMIT_LOC_STRINGS = YES;
				SWIFT_VERSION = 5.0;
				TARGETED_DEVICE_FAMILY = "1,2";
			};
			name = Release;
		};
		84BB971D2B2864ED00519C35 /* Debug */ = {
			isa = XCBuildConfiguration;
			buildSettings = {
				ALWAYS_EMBED_SWIFT_STANDARD_LIBRARIES = YES;
				BUNDLE_LOADER = "$(TEST_HOST)";
				CODE_SIGN_STYLE = Automatic;
				CURRENT_PROJECT_VERSION = 1;
				GENERATE_INFOPLIST_FILE = YES;
				IPHONEOS_DEPLOYMENT_TARGET = 17.0;
				MARKETING_VERSION = 1.0;
				PRODUCT_BUNDLE_IDENTIFIER = com.EasyChatKit.DemoEasyChatKitTests;
				PRODUCT_NAME = "$(TARGET_NAME)";
				SWIFT_EMIT_LOC_STRINGS = NO;
				SWIFT_VERSION = 5.0;
				TARGETED_DEVICE_FAMILY = "1,2";
				TEST_HOST = "$(BUILT_PRODUCTS_DIR)/DemoEasyChatKit.app/$(BUNDLE_EXECUTABLE_FOLDER_PATH)/DemoEasyChatKit";
			};
			name = Debug;
		};
		84BB971E2B2864ED00519C35 /* Release */ = {
			isa = XCBuildConfiguration;
			buildSettings = {
				ALWAYS_EMBED_SWIFT_STANDARD_LIBRARIES = YES;
				BUNDLE_LOADER = "$(TEST_HOST)";
				CODE_SIGN_STYLE = Automatic;
				CURRENT_PROJECT_VERSION = 1;
				GENERATE_INFOPLIST_FILE = YES;
				IPHONEOS_DEPLOYMENT_TARGET = 17.0;
				MARKETING_VERSION = 1.0;
				PRODUCT_BUNDLE_IDENTIFIER = com.EasyChatKit.DemoEasyChatKitTests;
				PRODUCT_NAME = "$(TARGET_NAME)";
				SWIFT_EMIT_LOC_STRINGS = NO;
				SWIFT_VERSION = 5.0;
				TARGETED_DEVICE_FAMILY = "1,2";
				TEST_HOST = "$(BUILT_PRODUCTS_DIR)/DemoEasyChatKit.app/$(BUNDLE_EXECUTABLE_FOLDER_PATH)/DemoEasyChatKit";
			};
			name = Release;
		};
		84BB97202B2864ED00519C35 /* Debug */ = {
			isa = XCBuildConfiguration;
			buildSettings = {
				ALWAYS_EMBED_SWIFT_STANDARD_LIBRARIES = YES;
				CODE_SIGN_STYLE = Automatic;
				CURRENT_PROJECT_VERSION = 1;
				GENERATE_INFOPLIST_FILE = YES;
				MARKETING_VERSION = 1.0;
				PRODUCT_BUNDLE_IDENTIFIER = com.EasyChatKit.DemoEasyChatKitUITests;
				PRODUCT_NAME = "$(TARGET_NAME)";
				SWIFT_EMIT_LOC_STRINGS = NO;
				SWIFT_VERSION = 5.0;
				TARGETED_DEVICE_FAMILY = "1,2";
				TEST_TARGET_NAME = DemoEasyChatKit;
			};
			name = Debug;
		};
		84BB97212B2864ED00519C35 /* Release */ = {
			isa = XCBuildConfiguration;
			buildSettings = {
				ALWAYS_EMBED_SWIFT_STANDARD_LIBRARIES = YES;
				CODE_SIGN_STYLE = Automatic;
				CURRENT_PROJECT_VERSION = 1;
				GENERATE_INFOPLIST_FILE = YES;
				MARKETING_VERSION = 1.0;
				PRODUCT_BUNDLE_IDENTIFIER = com.EasyChatKit.DemoEasyChatKitUITests;
				PRODUCT_NAME = "$(TARGET_NAME)";
				SWIFT_EMIT_LOC_STRINGS = NO;
				SWIFT_VERSION = 5.0;
				TARGETED_DEVICE_FAMILY = "1,2";
				TEST_TARGET_NAME = DemoEasyChatKit;
			};
			name = Release;
		};
/* End XCBuildConfiguration section */

/* Begin XCConfigurationList section */
		84BB96EA2B2864EB00519C35 /* Build configuration list for PBXProject "DemoEasyChatKit" */ = {
			isa = XCConfigurationList;
			buildConfigurations = (
				84BB97172B2864ED00519C35 /* Debug */,
				84BB97182B2864ED00519C35 /* Release */,
			);
			defaultConfigurationIsVisible = 0;
			defaultConfigurationName = Release;
		};
		84BB97192B2864ED00519C35 /* Build configuration list for PBXNativeTarget "DemoEasyChatKit" */ = {
			isa = XCConfigurationList;
			buildConfigurations = (
				84BB971A2B2864ED00519C35 /* Debug */,
				84BB971B2B2864ED00519C35 /* Release */,
			);
			defaultConfigurationIsVisible = 0;
			defaultConfigurationName = Release;
		};
		84BB971C2B2864ED00519C35 /* Build configuration list for PBXNativeTarget "DemoEasyChatKitTests" */ = {
			isa = XCConfigurationList;
			buildConfigurations = (
				84BB971D2B2864ED00519C35 /* Debug */,
				84BB971E2B2864ED00519C35 /* Release */,
			);
			defaultConfigurationIsVisible = 0;
			defaultConfigurationName = Release;
		};
		84BB971F2B2864ED00519C35 /* Build configuration list for PBXNativeTarget "DemoEasyChatKitUITests" */ = {
			isa = XCConfigurationList;
			buildConfigurations = (
				84BB97202B2864ED00519C35 /* Debug */,
				84BB97212B2864ED00519C35 /* Release */,
			);
			defaultConfigurationIsVisible = 0;
			defaultConfigurationName = Release;
		};
/* End XCConfigurationList section */

/* Begin XCLocalSwiftPackageReference section */
		84BB97222B28656100519C35 /* XCLocalSwiftPackageReference "../EsayChatKit" */ = {
			isa = XCLocalSwiftPackageReference;
			relativePath = ../EsayChatKit;
		};
/* End XCLocalSwiftPackageReference section */

/* Begin XCSwiftPackageProductDependency section */
		84BB97232B28656100519C35 /* EsayChatKit */ = {
			isa = XCSwiftPackageProductDependency;
			productName = EsayChatKit;
		};
/* End XCSwiftPackageProductDependency section */
	};
	rootObject = 84BB96E72B2864EB00519C35 /* Project object */;
}
